// !$*UTF8*$!
{
	archiveVersion = 1;
	classes = {
	};
	objectVersion = 50;
	objects = {

/* Begin PBXBuildFile section */
		2BB59F122346B35B00A8763C /* Notes.rtf in Resources */ = {isa = PBXBuildFile; fileRef = 2BB59F112346B35B00A8763C /* Notes.rtf */; };
		2BB59F142346BBF800A8763C /* AirportSearchCache.swift in Sources */ = {isa = PBXBuildFile; fileRef = 2BB59F132346BBF800A8763C /* AirportSearchCache.swift */; };
		65F6A293233A7A0C003AC163 /* AppDelegate.swift in Sources */ = {isa = PBXBuildFile; fileRef = 65F6A292233A7A0C003AC163 /* AppDelegate.swift */; };
		65F6A295233A7A0C003AC163 /* SceneDelegate.swift in Sources */ = {isa = PBXBuildFile; fileRef = 65F6A294233A7A0C003AC163 /* SceneDelegate.swift */; };
		65F6A297233A7A0C003AC163 /* RootViewController.swift in Sources */ = {isa = PBXBuildFile; fileRef = 65F6A296233A7A0C003AC163 /* RootViewController.swift */; };
		65F6A29A233A7A0C003AC163 /* Main.storyboard in Resources */ = {isa = PBXBuildFile; fileRef = 65F6A298233A7A0C003AC163 /* Main.storyboard */; };
		65F6A29C233A7A0F003AC163 /* Assets.xcassets in Resources */ = {isa = PBXBuildFile; fileRef = 65F6A29B233A7A0F003AC163 /* Assets.xcassets */; };
		65F6A29F233A7A0F003AC163 /* LaunchScreen.storyboard in Resources */ = {isa = PBXBuildFile; fileRef = 65F6A29D233A7A0F003AC163 /* LaunchScreen.storyboard */; };
		65F6A2A7233A7DA7003AC163 /* Airport.swift in Sources */ = {isa = PBXBuildFile; fileRef = 65F6A2A6233A7DA7003AC163 /* Airport.swift */; };
		65F6A2A9233A7DDE003AC163 /* AirportSearchDataSource.swift in Sources */ = {isa = PBXBuildFile; fileRef = 65F6A2A8233A7DDE003AC163 /* AirportSearchDataSource.swift */; };
		65F6A2AB233A7EEC003AC163 /* AirportSearchViewController.swift in Sources */ = {isa = PBXBuildFile; fileRef = 65F6A2AA233A7EEC003AC163 /* AirportSearchViewController.swift */; };
		65F6A2AD233D397C003AC163 /* airport-by-iata.csv in Resources */ = {isa = PBXBuildFile; fileRef = 65F6A2AC233D397C003AC163 /* airport-by-iata.csv */; };
/* End PBXBuildFile section */

/* Begin PBXFileReference section */
		2BB59F112346B35B00A8763C /* Notes.rtf */ = {isa = PBXFileReference; lastKnownFileType = text.rtf; path = Notes.rtf; sourceTree = "<group>"; };
		2BB59F132346BBF800A8763C /* AirportSearchCache.swift */ = {isa = PBXFileReference; lastKnownFileType = sourcecode.swift; path = AirportSearchCache.swift; sourceTree = "<group>"; };
		65F6A28F233A7A0C003AC163 /* Travel.app */ = {isa = PBXFileReference; explicitFileType = wrapper.application; includeInIndex = 0; path = Travel.app; sourceTree = BUILT_PRODUCTS_DIR; };
		65F6A292233A7A0C003AC163 /* AppDelegate.swift */ = {isa = PBXFileReference; lastKnownFileType = sourcecode.swift; path = AppDelegate.swift; sourceTree = "<group>"; };
		65F6A294233A7A0C003AC163 /* SceneDelegate.swift */ = {isa = PBXFileReference; lastKnownFileType = sourcecode.swift; path = SceneDelegate.swift; sourceTree = "<group>"; };
		65F6A296233A7A0C003AC163 /* RootViewController.swift */ = {isa = PBXFileReference; lastKnownFileType = sourcecode.swift; path = RootViewController.swift; sourceTree = "<group>"; };
		65F6A299233A7A0C003AC163 /* Base */ = {isa = PBXFileReference; lastKnownFileType = file.storyboard; name = Base; path = Base.lproj/Main.storyboard; sourceTree = "<group>"; };
		65F6A29B233A7A0F003AC163 /* Assets.xcassets */ = {isa = PBXFileReference; lastKnownFileType = folder.assetcatalog; path = Assets.xcassets; sourceTree = "<group>"; };
		65F6A29E233A7A0F003AC163 /* Base */ = {isa = PBXFileReference; lastKnownFileType = file.storyboard; name = Base; path = Base.lproj/LaunchScreen.storyboard; sourceTree = "<group>"; };
		65F6A2A0233A7A0F003AC163 /* Info.plist */ = {isa = PBXFileReference; lastKnownFileType = text.plist.xml; path = Info.plist; sourceTree = "<group>"; };
		65F6A2A6233A7DA7003AC163 /* Airport.swift */ = {isa = PBXFileReference; lastKnownFileType = sourcecode.swift; path = Airport.swift; sourceTree = "<group>"; };
		65F6A2A8233A7DDE003AC163 /* AirportSearchDataSource.swift */ = {isa = PBXFileReference; lastKnownFileType = sourcecode.swift; path = AirportSearchDataSource.swift; sourceTree = "<group>"; };
		65F6A2AA233A7EEC003AC163 /* AirportSearchViewController.swift */ = {isa = PBXFileReference; lastKnownFileType = sourcecode.swift; path = AirportSearchViewController.swift; sourceTree = "<group>"; };
		65F6A2AC233D397C003AC163 /* airport-by-iata.csv */ = {isa = PBXFileReference; fileEncoding = 4; lastKnownFileType = text; path = "airport-by-iata.csv"; sourceTree = "<group>"; };
		65F6A2AE233D3E21003AC163 /* README.md */ = {isa = PBXFileReference; lastKnownFileType = net.daringfireball.markdown; path = README.md; sourceTree = "<group>"; };
/* End PBXFileReference section */

/* Begin PBXFrameworksBuildPhase section */
		65F6A28C233A7A0C003AC163 /* Frameworks */ = {
			isa = PBXFrameworksBuildPhase;
			buildActionMask = 2147483647;
			files = (
			);
			runOnlyForDeploymentPostprocessing = 0;
		};
/* End PBXFrameworksBuildPhase section */

/* Begin PBXGroup section */
		65F6A286233A7A0C003AC163 = {
			isa = PBXGroup;
			children = (
				65F6A2AE233D3E21003AC163 /* README.md */,
				2BB59F112346B35B00A8763C /* Notes.rtf */,
				65F6A291233A7A0C003AC163 /* Travel */,
				65F6A290233A7A0C003AC163 /* Products */,
			);
			sourceTree = "<group>";
		};
		65F6A290233A7A0C003AC163 /* Products */ = {
			isa = PBXGroup;
			children = (
				65F6A28F233A7A0C003AC163 /* Travel.app */,
			);
			name = Products;
			sourceTree = "<group>";
		};
		65F6A291233A7A0C003AC163 /* Travel */ = {
			isa = PBXGroup;
			children = (
				65F6A2AC233D397C003AC163 /* airport-by-iata.csv */,
				65F6A2A6233A7DA7003AC163 /* Airport.swift */,
				65F6A2A8233A7DDE003AC163 /* AirportSearchDataSource.swift */,
				65F6A2AA233A7EEC003AC163 /* AirportSearchViewController.swift */,
				2BB59F132346BBF800A8763C /* AirportSearchCache.swift */,
				65F6A292233A7A0C003AC163 /* AppDelegate.swift */,
				65F6A29B233A7A0F003AC163 /* Assets.xcassets */,
				65F6A2A0233A7A0F003AC163 /* Info.plist */,
				65F6A29D233A7A0F003AC163 /* LaunchScreen.storyboard */,
				65F6A298233A7A0C003AC163 /* Main.storyboard */,
				65F6A296233A7A0C003AC163 /* RootViewController.swift */,
				65F6A294233A7A0C003AC163 /* SceneDelegate.swift */,
			);
			path = Travel;
			sourceTree = "<group>";
		};
/* End PBXGroup section */

/* Begin PBXNativeTarget section */
		65F6A28E233A7A0C003AC163 /* Travel */ = {
			isa = PBXNativeTarget;
			buildConfigurationList = 65F6A2A3233A7A0F003AC163 /* Build configuration list for PBXNativeTarget "Travel" */;
			buildPhases = (
				65F6A28B233A7A0C003AC163 /* Sources */,
				65F6A28C233A7A0C003AC163 /* Frameworks */,
				65F6A28D233A7A0C003AC163 /* Resources */,
			);
			buildRules = (
			);
			dependencies = (
			);
			name = Travel;
			productName = Travel;
			productReference = 65F6A28F233A7A0C003AC163 /* Travel.app */;
			productType = "com.apple.product-type.application";
		};
/* End PBXNativeTarget section */

/* Begin PBXProject section */
		65F6A287233A7A0C003AC163 /* Project object */ = {
			isa = PBXProject;
			attributes = {
				LastSwiftUpdateCheck = 1100;
				LastUpgradeCheck = 1100;
				ORGANIZATIONNAME = Around;
				TargetAttributes = {
					65F6A28E233A7A0C003AC163 = {
						CreatedOnToolsVersion = 11.0;
					};
				};
			};
			buildConfigurationList = 65F6A28A233A7A0C003AC163 /* Build configuration list for PBXProject "Travel" */;
			compatibilityVersion = "Xcode 9.3";
			developmentRegion = en;
			hasScannedForEncodings = 0;
			knownRegions = (
				en,
				Base,
			);
			mainGroup = 65F6A286233A7A0C003AC163;
			productRefGroup = 65F6A290233A7A0C003AC163 /* Products */;
			projectDirPath = "";
			projectRoot = "";
			targets = (
				65F6A28E233A7A0C003AC163 /* Travel */,
			);
		};
/* End PBXProject section */

/* Begin PBXResourcesBuildPhase section */
		65F6A28D233A7A0C003AC163 /* Resources */ = {
			isa = PBXResourcesBuildPhase;
			buildActionMask = 2147483647;
			files = (
				65F6A29F233A7A0F003AC163 /* LaunchScreen.storyboard in Resources */,
				65F6A29C233A7A0F003AC163 /* Assets.xcassets in Resources */,
				65F6A2AD233D397C003AC163 /* airport-by-iata.csv in Resources */,
				65F6A29A233A7A0C003AC163 /* Main.storyboard in Resources */,
				2BB59F122346B35B00A8763C /* Notes.rtf in Resources */,
			);
			runOnlyForDeploymentPostprocessing = 0;
		};
/* End PBXResourcesBuildPhase section */

/* Begin PBXSourcesBuildPhase section */
		65F6A28B233A7A0C003AC163 /* Sources */ = {
			isa = PBXSourcesBuildPhase;
			buildActionMask = 2147483647;
			files = (
				2BB59F142346BBF800A8763C /* AirportSearchCache.swift in Sources */,
				65F6A297233A7A0C003AC163 /* RootViewController.swift in Sources */,
				65F6A2A7233A7DA7003AC163 /* Airport.swift in Sources */,
				65F6A2A9233A7DDE003AC163 /* AirportSearchDataSource.swift in Sources */,
				65F6A293233A7A0C003AC163 /* AppDelegate.swift in Sources */,
				65F6A2AB233A7EEC003AC163 /* AirportSearchViewController.swift in Sources */,
				65F6A295233A7A0C003AC163 /* SceneDelegate.swift in Sources */,
			);
			runOnlyForDeploymentPostprocessing = 0;
		};
/* End PBXSourcesBuildPhase section */

/* Begin PBXVariantGroup section */
		65F6A298233A7A0C003AC163 /* Main.storyboard */ = {
			isa = PBXVariantGroup;
			children = (
				65F6A299233A7A0C003AC163 /* Base */,
			);
			name = Main.storyboard;
			sourceTree = "<group>";
		};
		65F6A29D233A7A0F003AC163 /* LaunchScreen.storyboard */ = {
			isa = PBXVariantGroup;
			children = (
				65F6A29E233A7A0F003AC163 /* Base */,
			);
			name = LaunchScreen.storyboard;
			sourceTree = "<group>";
		};
/* End PBXVariantGroup section */

/* Begin XCBuildConfiguration section */
		65F6A2A1233A7A0F003AC163 /* Debug */ = {
			isa = XCBuildConfiguration;
			buildSettings = {
				ALWAYS_SEARCH_USER_PATHS = NO;
				CLANG_ANALYZER_NONNULL = YES;
				CLANG_ANALYZER_NUMBER_OBJECT_CONVERSION = YES_AGGRESSIVE;
				CLANG_CXX_LANGUAGE_STANDARD = "gnu++14";
				CLANG_CXX_LIBRARY = "libc++";
				CLANG_ENABLE_MODULES = YES;
				CLANG_ENABLE_OBJC_ARC = YES;
				CLANG_ENABLE_OBJC_WEAK = YES;
				CLANG_WARN_BLOCK_CAPTURE_AUTORELEASING = YES;
				CLANG_WARN_BOOL_CONVERSION = YES;
				CLANG_WARN_COMMA = YES;
				CLANG_WARN_CONSTANT_CONVERSION = YES;
				CLANG_WARN_DEPRECATED_OBJC_IMPLEMENTATIONS = YES;
				CLANG_WARN_DIRECT_OBJC_ISA_USAGE = YES_ERROR;
				CLANG_WARN_DOCUMENTATION_COMMENTS = YES;
				CLANG_WARN_EMPTY_BODY = YES;
				CLANG_WARN_ENUM_CONVERSION = YES;
				CLANG_WARN_INFINITE_RECURSION = YES;
				CLANG_WARN_INT_CONVERSION = YES;
				CLANG_WARN_NON_LITERAL_NULL_CONVERSION = YES;
				CLANG_WARN_OBJC_IMPLICIT_RETAIN_SELF = YES;
				CLANG_WARN_OBJC_LITERAL_CONVERSION = YES;
				CLANG_WARN_OBJC_ROOT_CLASS = YES_ERROR;
				CLANG_WARN_RANGE_LOOP_ANALYSIS = YES;
				CLANG_WARN_STRICT_PROTOTYPES = YES;
				CLANG_WARN_SUSPICIOUS_MOVE = YES;
				CLANG_WARN_UNGUARDED_AVAILABILITY = YES_AGGRESSIVE;
				CLANG_WARN_UNREACHABLE_CODE = YES;
				CLANG_WARN__DUPLICATE_METHOD_MATCH = YES;
				COPY_PHASE_STRIP = NO;
				DEBUG_INFORMATION_FORMAT = dwarf;
				ENABLE_STRICT_OBJC_MSGSEND = YES;
				ENABLE_TESTABILITY = YES;
				GCC_C_LANGUAGE_STANDARD = gnu11;
				GCC_DYNAMIC_NO_PIC = NO;
				GCC_NO_COMMON_BLOCKS = YES;
				GCC_OPTIMIZATION_LEVEL = 0;
				GCC_PREPROCESSOR_DEFINITIONS = (
					"DEBUG=1",
					"$(inherited)",
				);
				GCC_WARN_64_TO_32_BIT_CONVERSION = YES;
				GCC_WARN_ABOUT_RETURN_TYPE = YES_ERROR;
				GCC_WARN_UNDECLARED_SELECTOR = YES;
				GCC_WARN_UNINITIALIZED_AUTOS = YES_AGGRESSIVE;
				GCC_WARN_UNUSED_FUNCTION = YES;
				GCC_WARN_UNUSED_VARIABLE = YES;
				IPHONEOS_DEPLOYMENT_TARGET = 13.0;
				MTL_ENABLE_DEBUG_INFO = INCLUDE_SOURCE;
				MTL_FAST_MATH = YES;
				ONLY_ACTIVE_ARCH = YES;
				SDKROOT = iphoneos;
				SWIFT_ACTIVE_COMPILATION_CONDITIONS = DEBUG;
				SWIFT_OPTIMIZATION_LEVEL = "-Onone";
			};
			name = Debug;
		};
		65F6A2A2233A7A0F003AC163 /* Release */ = {
			isa = XCBuildConfiguration;
			buildSettings = {
				ALWAYS_SEARCH_USER_PATHS = NO;
				CLANG_ANALYZER_NONNULL = YES;
				CLANG_ANALYZER_NUMBER_OBJECT_CONVERSION = YES_AGGRESSIVE;
				CLANG_CXX_LANGUAGE_STANDARD = "gnu++14";
				CLANG_CXX_LIBRARY = "libc++";
				CLANG_ENABLE_MODULES = YES;
				CLANG_ENABLE_OBJC_ARC = YES;
				CLANG_ENABLE_OBJC_WEAK = YES;
				CLANG_WARN_BLOCK_CAPTURE_AUTORELEASING = YES;
				CLANG_WARN_BOOL_CONVERSION = YES;
				CLANG_WARN_COMMA = YES;
				CLANG_WARN_CONSTANT_CONVERSION = YES;
				CLANG_WARN_DEPRECATED_OBJC_IMPLEMENTATIONS = YES;
				CLANG_WARN_DIRECT_OBJC_ISA_USAGE = YES_ERROR;
				CLANG_WARN_DOCUMENTATION_COMMENTS = YES;
				CLANG_WARN_EMPTY_BODY = YES;
				CLANG_WARN_ENUM_CONVERSION = YES;
				CLANG_WARN_INFINITE_RECURSION = YES;
				CLANG_WARN_INT_CONVERSION = YES;
				CLANG_WARN_NON_LITERAL_NULL_CONVERSION = YES;
				CLANG_WARN_OBJC_IMPLICIT_RETAIN_SELF = YES;
				CLANG_WARN_OBJC_LITERAL_CONVERSION = YES;
				CLANG_WARN_OBJC_ROOT_CLASS = YES_ERROR;
				CLANG_WARN_RANGE_LOOP_ANALYSIS = YES;
				CLANG_WARN_STRICT_PROTOTYPES = YES;
				CLANG_WARN_SUSPICIOUS_MOVE = YES;
				CLANG_WARN_UNGUARDED_AVAILABILITY = YES_AGGRESSIVE;
				CLANG_WARN_UNREACHABLE_CODE = YES;
				CLANG_WARN__DUPLICATE_METHOD_MATCH = YES;
				COPY_PHASE_STRIP = NO;
				DEBUG_INFORMATION_FORMAT = "dwarf-with-dsym";
				ENABLE_NS_ASSERTIONS = NO;
				ENABLE_STRICT_OBJC_MSGSEND = YES;
				GCC_C_LANGUAGE_STANDARD = gnu11;
				GCC_NO_COMMON_BLOCKS = YES;
				GCC_WARN_64_TO_32_BIT_CONVERSION = YES;
				GCC_WARN_ABOUT_RETURN_TYPE = YES_ERROR;
				GCC_WARN_UNDECLARED_SELECTOR = YES;
				GCC_WARN_UNINITIALIZED_AUTOS = YES_AGGRESSIVE;
				GCC_WARN_UNUSED_FUNCTION = YES;
				GCC_WARN_UNUSED_VARIABLE = YES;
				IPHONEOS_DEPLOYMENT_TARGET = 13.0;
				MTL_ENABLE_DEBUG_INFO = NO;
				MTL_FAST_MATH = YES;
				SDKROOT = iphoneos;
				SWIFT_COMPILATION_MODE = wholemodule;
				SWIFT_OPTIMIZATION_LEVEL = "-O";
				VALIDATE_PRODUCT = YES;
			};
			name = Release;
		};
		65F6A2A4233A7A0F003AC163 /* Debug */ = {
			isa = XCBuildConfiguration;
			buildSettings = {
				ASSETCATALOG_COMPILER_APPICON_NAME = AppIcon;
				CODE_SIGN_STYLE = Automatic;
				DEVELOPMENT_TEAM = 96XQ478DSL;
				INFOPLIST_FILE = Travel/Info.plist;
				LD_RUNPATH_SEARCH_PATHS = (
					"$(inherited)",
					"@executable_path/Frameworks",
				);
				PRODUCT_BUNDLE_IDENTIFIER = com.Around.Travel;
				PRODUCT_NAME = "$(TARGET_NAME)";
				SWIFT_VERSION = 5.0;
				TARGETED_DEVICE_FAMILY = "1,2";
			};
			name = Debug;
		};
		65F6A2A5233A7A0F003AC163 /* Release */ = {
			isa = XCBuildConfiguration;
			buildSettings = {
				ASSETCATALOG_COMPILER_APPICON_NAME = AppIcon;
				CODE_SIGN_STYLE = Automatic;
				DEVELOPMENT_TEAM = 96XQ478DSL;
				INFOPLIST_FILE = Travel/Info.plist;
				LD_RUNPATH_SEARCH_PATHS = (
					"$(inherited)",
					"@executable_path/Frameworks",
				);
				PRODUCT_BUNDLE_IDENTIFIER = com.Around.Travel;
				PRODUCT_NAME = "$(TARGET_NAME)";
				SWIFT_VERSION = 5.0;
				TARGETED_DEVICE_FAMILY = "1,2";
			};
			name = Release;
		};
/* End XCBuildConfiguration section */

/* Begin XCConfigurationList section */
		65F6A28A233A7A0C003AC163 /* Build configuration list for PBXProject "Travel" */ = {
			isa = XCConfigurationList;
			buildConfigurations = (
				65F6A2A1233A7A0F003AC163 /* Debug */,
				65F6A2A2233A7A0F003AC163 /* Release */,
			);
			defaultConfigurationIsVisible = 0;
			defaultConfigurationName = Release;
		};
		65F6A2A3233A7A0F003AC163 /* Build configuration list for PBXNativeTarget "Travel" */ = {
			isa = XCConfigurationList;
			buildConfigurations = (
				65F6A2A4233A7A0F003AC163 /* Debug */,
				65F6A2A5233A7A0F003AC163 /* Release */,
			);
			defaultConfigurationIsVisible = 0;
			defaultConfigurationName = Release;
		};
/* End XCConfigurationList section */
	};
	rootObject = 65F6A287233A7A0C003AC163 /* Project object */;
}
